
Microsoft Visual Studio Solution File, Format Version 12.00
# Visual Studio 15
VisualStudioVersion = 15.0.25920.0
MinimumVisualStudioVersion = 10.0.40219.1
Project("{2150E333-8FDC-42A3-9474-1A3956D46DE8}") = "src", "src", "{C89E04A9-E842-47D4-BE5C-3A51684D803F}"
EndProject
Project("{FAE04EC0-301F-11D3-BF4B-00C04F79EFBC}") = "TodoApi", "src\TodoApi\TodoApi.csproj", "{00EABFC3-AC4D-49A2-84F4-83854219184B}"
EndProject
Project("{FAE04EC0-301F-11D3-BF4B-00C04F79EFBC}") = "DataServer", "DataServer\DataServer.csproj", "{82DB7ACA-95B6-4F40-BF93-A9EA0F4F2067}"
EndProject
Project("{FAE04EC0-301F-11D3-BF4B-00C04F79EFBC}") = "DataObjects", "DataObjects\DataObjects.csproj", "{1595ACCC-7814-46BA-A430-961136FA9E47}"
EndProject
Global
	GlobalSection(SolutionConfigurationPlatforms) = preSolution
		Debug|Any CPU = Debug|Any CPU
		Release|Any CPU = Release|Any CPU
	EndGlobalSection
	GlobalSection(ProjectConfigurationPlatforms) = postSolution
		{00EABFC3-AC4D-49A2-84F4-83854219184B}.Debug|Any CPU.ActiveCfg = Debug|Any CPU
		{00EABFC3-AC4D-49A2-84F4-83854219184B}.Debug|Any CPU.Build.0 = Debug|Any CPU
		{00EABFC3-AC4D-49A2-84F4-83854219184B}.Release|Any CPU.ActiveCfg = Release|Any CPU
		{00EABFC3-AC4D-49A2-84F4-83854219184B}.Release|Any CPU.Build.0 = Release|Any CPU
		{82DB7ACA-95B6-4F40-BF93-A9EA0F4F2067}.Debug|Any CPU.ActiveCfg = Debug|Any CPU
		{82DB7ACA-95B6-4F40-BF93-A9EA0F4F2067}.Debug|Any CPU.Build.0 = Debug|Any CPU
		{82DB7ACA-95B6-4F40-BF93-A9EA0F4F2067}.Release|Any CPU.ActiveCfg = Release|Any CPU
		{82DB7ACA-95B6-4F40-BF93-A9EA0F4F2067}.Release|Any CPU.Build.0 = Release|Any CPU
		{1595ACCC-7814-46BA-A430-961136FA9E47}.Debug|Any CPU.ActiveCfg = Debug|Any CPU
		{1595ACCC-7814-46BA-A430-961136FA9E47}.Debug|Any CPU.Build.0 = Debug|Any CPU
		{1595ACCC-7814-46BA-A430-961136FA9E47}.Release|Any CPU.ActiveCfg = Release|Any CPU
		{1595ACCC-7814-46BA-A430-961136FA9E47}.Release|Any CPU.Build.0 = Release|Any CPU
	EndGlobalSection
	GlobalSection(SolutionProperties) = preSolution
		HideSolutionNode = FALSE
	EndGlobalSection
	GlobalSection(NestedProjects) = preSolution
		{00EABFC3-AC4D-49A2-84F4-83854219184B} = {C89E04A9-E842-47D4-BE5C-3A51684D803F}
	EndGlobalSection
EndGlobal
